
Microsoft Visual Studio Solution File, Format Version 12.00
# Visual Studio Version 17
VisualStudioVersion = 17.4.33205.214
MinimumVisualStudioVersion = 10.0.40219.1
Project("{FAE04EC0-301F-11D3-BF4B-00C04F79EFBC}") = "AServer", "AServer.csproj", "{D921C816-14C0-4587-99EB-3B3F8686B79B}"
EndProject
Global
	GlobalSection(SolutionConfigurationPlatforms) = preSolution
		Debug|Any CPU = Debug|Any CPU
		Release|Any CPU = Release|Any CPU
	EndGlobalSection
	GlobalSection(ProjectConfigurationPlatforms) = postSolution
		{D921C816-14C0-4587-99EB-3B3F8686B79B}.Debug|Any CPU.ActiveCfg = Debug|Any CPU
		{D921C816-14C0-4587-99EB-3B3F8686B79B}.Debug|Any CPU.Build.0 = Debug|Any CPU
		{D921C816-14C0-4587-99EB-3B3F8686B79B}.Release|Any CPU.ActiveCfg = Release|Any CPU
		{D921C816-14C0-4587-99EB-3B3F8686B79B}.Release|Any CPU.Build.0 = Release|Any CPU
	EndGlobalSection
	GlobalSection(SolutionProperties) = preSolution
		HideSolutionNode = FALSE
	EndGlobalSection
	GlobalSection(ExtensibilityGlobals) = postSolution
		SolutionGuid = {74F89E8E-2333-44EF-9E8D-245D28CD55E9}
	EndGlobalSection
EndGlobal
